// !$*UTF8*$!
{
	archiveVersion = 1;
	classes = {
	};
	objectVersion = 50;
	objects = {

/* Begin PBXBuildFile section */
		1B8522812631AD3E0082E7C1 /* NYT_BuddyApp.swift in Sources */ = {isa = PBXBuildFile; fileRef = 1B8522802631AD3E0082E7C1 /* NYT_BuddyApp.swift */; };
		1B8522832631AD3E0082E7C1 /* MostPopularView.swift in Sources */ = {isa = PBXBuildFile; fileRef = 1B8522822631AD3E0082E7C1 /* MostPopularView.swift */; };
		1B8522852631AD3F0082E7C1 /* Assets.xcassets in Resources */ = {isa = PBXBuildFile; fileRef = 1B8522842631AD3F0082E7C1 /* Assets.xcassets */; };
		1B8522882631AD3F0082E7C1 /* Preview Assets.xcassets in Resources */ = {isa = PBXBuildFile; fileRef = 1B8522872631AD3F0082E7C1 /* Preview Assets.xcassets */; };
		1B8522992632A90F0082E7C1 /* MostPopularDataService.swift in Sources */ = {isa = PBXBuildFile; fileRef = 1B8522982632A90F0082E7C1 /* MostPopularDataService.swift */; };
		1B85229C2632A9EF0082E7C1 /* MostPopularData.swift in Sources */ = {isa = PBXBuildFile; fileRef = 1B85229B2632A9EF0082E7C1 /* MostPopularData.swift */; };
		1B85229F2632C19D0082E7C1 /* MostPopularViewModel.swift in Sources */ = {isa = PBXBuildFile; fileRef = 1B85229E2632C19D0082E7C1 /* MostPopularViewModel.swift */; };
		1B8522A62632D4150082E7C1 /* ArticleListItem.swift in Sources */ = {isa = PBXBuildFile; fileRef = 1B8522A52632D4150082E7C1 /* ArticleListItem.swift */; };
		1B8522AB2632F4CA0082E7C1 /* Period.swift in Sources */ = {isa = PBXBuildFile; fileRef = 1B8522AA2632F4CA0082E7C1 /* Period.swift */; };
		1B8522AF2633BD6F0082E7C1 /* AppConstants.swift in Sources */ = {isa = PBXBuildFile; fileRef = 1B8522AE2633BD6F0082E7C1 /* AppConstants.swift */; };
		1B8522B52633C1DB0082E7C1 /* LoadingView.swift in Sources */ = {isa = PBXBuildFile; fileRef = 1B8522B42633C1DB0082E7C1 /* LoadingView.swift */; };
		1B8522B82633C64B0082E7C1 /* SelectPeriodView.swift in Sources */ = {isa = PBXBuildFile; fileRef = 1B8522B72633C64B0082E7C1 /* SelectPeriodView.swift */; };
		1B8522BB2633C7510082E7C1 /* NetworkError.swift in Sources */ = {isa = PBXBuildFile; fileRef = 1B8522BA2633C7510082E7C1 /* NetworkError.swift */; };
		1B8522BE2633C77B0082E7C1 /* LoadingState.swift in Sources */ = {isa = PBXBuildFile; fileRef = 1B8522BD2633C77B0082E7C1 /* LoadingState.swift */; };
		1B8522D326352A490082E7C1 /* PeriodTests.swift in Sources */ = {isa = PBXBuildFile; fileRef = 1B8522D226352A490082E7C1 /* PeriodTests.swift */; };
		1B8522D626352A630082E7C1 /* Period.swift in Sources */ = {isa = PBXBuildFile; fileRef = 1B8522AA2632F4CA0082E7C1 /* Period.swift */; };
/* End PBXBuildFile section */

/* Begin PBXContainerItemProxy section */
		1B8522CB2635291B0082E7C1 /* PBXContainerItemProxy */ = {
			isa = PBXContainerItemProxy;
			containerPortal = 1B8522752631AD3E0082E7C1 /* Project object */;
			proxyType = 1;
			remoteGlobalIDString = 1B85227C2631AD3E0082E7C1;
			remoteInfo = "NYT Buddy";
		};
/* End PBXContainerItemProxy section */

/* Begin PBXFileReference section */
		1B85227D2631AD3E0082E7C1 /* NYT Buddy.app */ = {isa = PBXFileReference; explicitFileType = wrapper.application; includeInIndex = 0; path = "NYT Buddy.app"; sourceTree = BUILT_PRODUCTS_DIR; };
		1B8522802631AD3E0082E7C1 /* NYT_BuddyApp.swift */ = {isa = PBXFileReference; lastKnownFileType = sourcecode.swift; path = NYT_BuddyApp.swift; sourceTree = "<group>"; };
		1B8522822631AD3E0082E7C1 /* MostPopularView.swift */ = {isa = PBXFileReference; lastKnownFileType = sourcecode.swift; path = MostPopularView.swift; sourceTree = "<group>"; };
		1B8522842631AD3F0082E7C1 /* Assets.xcassets */ = {isa = PBXFileReference; lastKnownFileType = folder.assetcatalog; path = Assets.xcassets; sourceTree = "<group>"; };
		1B8522872631AD3F0082E7C1 /* Preview Assets.xcassets */ = {isa = PBXFileReference; lastKnownFileType = folder.assetcatalog; path = "Preview Assets.xcassets"; sourceTree = "<group>"; };
		1B8522892631AD3F0082E7C1 /* Info.plist */ = {isa = PBXFileReference; lastKnownFileType = text.plist.xml; path = Info.plist; sourceTree = "<group>"; };
		1B8522982632A90F0082E7C1 /* MostPopularDataService.swift */ = {isa = PBXFileReference; lastKnownFileType = sourcecode.swift; path = MostPopularDataService.swift; sourceTree = "<group>"; };
		1B85229B2632A9EF0082E7C1 /* MostPopularData.swift */ = {isa = PBXFileReference; lastKnownFileType = sourcecode.swift; path = MostPopularData.swift; sourceTree = "<group>"; };
		1B85229E2632C19D0082E7C1 /* MostPopularViewModel.swift */ = {isa = PBXFileReference; lastKnownFileType = sourcecode.swift; path = MostPopularViewModel.swift; sourceTree = "<group>"; };
		1B8522A52632D4150082E7C1 /* ArticleListItem.swift */ = {isa = PBXFileReference; lastKnownFileType = sourcecode.swift; path = ArticleListItem.swift; sourceTree = "<group>"; };
		1B8522AA2632F4CA0082E7C1 /* Period.swift */ = {isa = PBXFileReference; lastKnownFileType = sourcecode.swift; path = Period.swift; sourceTree = "<group>"; };
		1B8522AE2633BD6F0082E7C1 /* AppConstants.swift */ = {isa = PBXFileReference; lastKnownFileType = sourcecode.swift; path = AppConstants.swift; sourceTree = "<group>"; };
		1B8522B42633C1DB0082E7C1 /* LoadingView.swift */ = {isa = PBXFileReference; lastKnownFileType = sourcecode.swift; path = LoadingView.swift; sourceTree = "<group>"; };
		1B8522B72633C64B0082E7C1 /* SelectPeriodView.swift */ = {isa = PBXFileReference; lastKnownFileType = sourcecode.swift; path = SelectPeriodView.swift; sourceTree = "<group>"; };
		1B8522BA2633C7510082E7C1 /* NetworkError.swift */ = {isa = PBXFileReference; lastKnownFileType = sourcecode.swift; path = NetworkError.swift; sourceTree = "<group>"; };
		1B8522BD2633C77B0082E7C1 /* LoadingState.swift */ = {isa = PBXFileReference; lastKnownFileType = sourcecode.swift; path = LoadingState.swift; sourceTree = "<group>"; };
		1B8522C62635291B0082E7C1 /* NYT BuddyTests.xctest */ = {isa = PBXFileReference; explicitFileType = wrapper.cfbundle; includeInIndex = 0; path = "NYT BuddyTests.xctest"; sourceTree = BUILT_PRODUCTS_DIR; };
		1B8522CA2635291B0082E7C1 /* Info.plist */ = {isa = PBXFileReference; lastKnownFileType = text.plist.xml; path = Info.plist; sourceTree = "<group>"; };
		1B8522D226352A490082E7C1 /* PeriodTests.swift */ = {isa = PBXFileReference; lastKnownFileType = sourcecode.swift; path = PeriodTests.swift; sourceTree = "<group>"; };
/* End PBXFileReference section */

/* Begin PBXFrameworksBuildPhase section */
		1B85227A2631AD3E0082E7C1 /* Frameworks */ = {
			isa = PBXFrameworksBuildPhase;
			buildActionMask = 2147483647;
			files = (
			);
			runOnlyForDeploymentPostprocessing = 0;
		};
		1B8522C32635291B0082E7C1 /* Frameworks */ = {
			isa = PBXFrameworksBuildPhase;
			buildActionMask = 2147483647;
			files = (
			);
			runOnlyForDeploymentPostprocessing = 0;
		};
/* End PBXFrameworksBuildPhase section */

/* Begin PBXGroup section */
		1B8522742631AD3E0082E7C1 = {
			isa = PBXGroup;
			children = (
				1B85227F2631AD3E0082E7C1 /* NYT Buddy */,
				1B8522C72635291B0082E7C1 /* NYT BuddyTests */,
				1B85227E2631AD3E0082E7C1 /* Products */,
			);
			sourceTree = "<group>";
		};
		1B85227E2631AD3E0082E7C1 /* Products */ = {
			isa = PBXGroup;
			children = (
				1B85227D2631AD3E0082E7C1 /* NYT Buddy.app */,
				1B8522C62635291B0082E7C1 /* NYT BuddyTests.xctest */,
			);
			name = Products;
			sourceTree = "<group>";
		};
		1B85227F2631AD3E0082E7C1 /* NYT Buddy */ = {
			isa = PBXGroup;
			children = (
				1B8522902631B1EE0082E7C1 /* Most Popular */,
				1B8522802631AD3E0082E7C1 /* NYT_BuddyApp.swift */,
				1B8522842631AD3F0082E7C1 /* Assets.xcassets */,
				1B8522892631AD3F0082E7C1 /* Info.plist */,
				1B8522862631AD3F0082E7C1 /* Preview Content */,
			);
			path = "NYT Buddy";
			sourceTree = "<group>";
		};
		1B8522862631AD3F0082E7C1 /* Preview Content */ = {
			isa = PBXGroup;
			children = (
				1B8522872631AD3F0082E7C1 /* Preview Assets.xcassets */,
			);
			path = "Preview Content";
			sourceTree = "<group>";
		};
		1B8522902631B1EE0082E7C1 /* Most Popular */ = {
			isa = PBXGroup;
			children = (
				1B8522A82632F4AE0082E7C1 /* Common */,
				1B8522962631B5D90082E7C1 /* Models */,
				1B8522952631B5D20082E7C1 /* Services */,
				1B8522972631B5E00082E7C1 /* View Models */,
				1B8522922631B5C10082E7C1 /* Views */,
			);
			path = "Most Popular";
			sourceTree = "<group>";
		};
		1B8522922631B5C10082E7C1 /* Views */ = {
			isa = PBXGroup;
			children = (
				1B8522A22632C3040082E7C1 /* Most Popular */,
				1B8522B42633C1DB0082E7C1 /* LoadingView.swift */,
			);
			path = Views;
			sourceTree = "<group>";
		};
		1B8522952631B5D20082E7C1 /* Services */ = {
			isa = PBXGroup;
			children = (
				1B8522982632A90F0082E7C1 /* MostPopularDataService.swift */,
			);
			path = Services;
			sourceTree = "<group>";
		};
		1B8522962631B5D90082E7C1 /* Models */ = {
			isa = PBXGroup;
			children = (
				1B85229B2632A9EF0082E7C1 /* MostPopularData.swift */,
			);
			path = Models;
			sourceTree = "<group>";
		};
		1B8522972631B5E00082E7C1 /* View Models */ = {
			isa = PBXGroup;
			children = (
				1B85229E2632C19D0082E7C1 /* MostPopularViewModel.swift */,
			);
			path = "View Models";
			sourceTree = "<group>";
		};
		1B8522A22632C3040082E7C1 /* Most Popular */ = {
			isa = PBXGroup;
			children = (
				1B8522822631AD3E0082E7C1 /* MostPopularView.swift */,
				1B8522B72633C64B0082E7C1 /* SelectPeriodView.swift */,
				1B8522A52632D4150082E7C1 /* ArticleListItem.swift */,
			);
			path = "Most Popular";
			sourceTree = "<group>";
		};
		1B8522A82632F4AE0082E7C1 /* Common */ = {
			isa = PBXGroup;
			children = (
				1B8522AD2633BD0B0082E7C1 /* Constants */,
				1B8522A92632F4B50082E7C1 /* Enums */,
			);
			path = Common;
			sourceTree = "<group>";
		};
		1B8522A92632F4B50082E7C1 /* Enums */ = {
			isa = PBXGroup;
			children = (
				1B8522AA2632F4CA0082E7C1 /* Period.swift */,
				1B8522BA2633C7510082E7C1 /* NetworkError.swift */,
				1B8522BD2633C77B0082E7C1 /* LoadingState.swift */,
			);
			path = Enums;
			sourceTree = "<group>";
		};
		1B8522AD2633BD0B0082E7C1 /* Constants */ = {
			isa = PBXGroup;
			children = (
				1B8522AE2633BD6F0082E7C1 /* AppConstants.swift */,
			);
			path = Constants;
			sourceTree = "<group>";
		};
		1B8522C72635291B0082E7C1 /* NYT BuddyTests */ = {
			isa = PBXGroup;
			children = (
				1B8522DB26352D2E0082E7C1 /* Enums */,
				1B8522CA2635291B0082E7C1 /* Info.plist */,
			);
			path = "NYT BuddyTests";
			sourceTree = "<group>";
		};
		1B8522DB26352D2E0082E7C1 /* Enums */ = {
			isa = PBXGroup;
			children = (
				1B8522D226352A490082E7C1 /* PeriodTests.swift */,
			);
			path = Enums;
			sourceTree = "<group>";
		};
/* End PBXGroup section */

/* Begin PBXNativeTarget section */
		1B85227C2631AD3E0082E7C1 /* NYT Buddy */ = {
			isa = PBXNativeTarget;
			buildConfigurationList = 1B85228C2631AD3F0082E7C1 /* Build configuration list for PBXNativeTarget "NYT Buddy" */;
			buildPhases = (
				1B8522792631AD3E0082E7C1 /* Sources */,
				1B85227A2631AD3E0082E7C1 /* Frameworks */,
				1B85227B2631AD3E0082E7C1 /* Resources */,
			);
			buildRules = (
			);
			dependencies = (
			);
			name = "NYT Buddy";
			productName = "NYT Buddy";
			productReference = 1B85227D2631AD3E0082E7C1 /* NYT Buddy.app */;
			productType = "com.apple.product-type.application";
		};
		1B8522C52635291B0082E7C1 /* NYT BuddyTests */ = {
			isa = PBXNativeTarget;
			buildConfigurationList = 1B8522CF2635291B0082E7C1 /* Build configuration list for PBXNativeTarget "NYT BuddyTests" */;
			buildPhases = (
				1B8522C22635291B0082E7C1 /* Sources */,
				1B8522C32635291B0082E7C1 /* Frameworks */,
				1B8522C42635291B0082E7C1 /* Resources */,
			);
			buildRules = (
			);
			dependencies = (
				1B8522CC2635291B0082E7C1 /* PBXTargetDependency */,
			);
			name = "NYT BuddyTests";
			productName = "NYT BuddyTests";
			productReference = 1B8522C62635291B0082E7C1 /* NYT BuddyTests.xctest */;
			productType = "com.apple.product-type.bundle.unit-test";
		};
/* End PBXNativeTarget section */

/* Begin PBXProject section */
		1B8522752631AD3E0082E7C1 /* Project object */ = {
			isa = PBXProject;
			attributes = {
				LastSwiftUpdateCheck = 1240;
				LastUpgradeCheck = 1240;
				TargetAttributes = {
					1B85227C2631AD3E0082E7C1 = {
						CreatedOnToolsVersion = 12.4;
					};
					1B8522C52635291B0082E7C1 = {
						CreatedOnToolsVersion = 12.4;
						TestTargetID = 1B85227C2631AD3E0082E7C1;
					};
				};
			};
			buildConfigurationList = 1B8522782631AD3E0082E7C1 /* Build configuration list for PBXProject "NYT Buddy" */;
			compatibilityVersion = "Xcode 9.3";
			developmentRegion = en;
			hasScannedForEncodings = 0;
			knownRegions = (
				en,
				Base,
			);
			mainGroup = 1B8522742631AD3E0082E7C1;
			productRefGroup = 1B85227E2631AD3E0082E7C1 /* Products */;
			projectDirPath = "";
			projectRoot = "";
			targets = (
				1B85227C2631AD3E0082E7C1 /* NYT Buddy */,
				1B8522C52635291B0082E7C1 /* NYT BuddyTests */,
			);
		};
/* End PBXProject section */

/* Begin PBXResourcesBuildPhase section */
		1B85227B2631AD3E0082E7C1 /* Resources */ = {
			isa = PBXResourcesBuildPhase;
			buildActionMask = 2147483647;
			files = (
				1B8522882631AD3F0082E7C1 /* Preview Assets.xcassets in Resources */,
				1B8522852631AD3F0082E7C1 /* Assets.xcassets in Resources */,
			);
			runOnlyForDeploymentPostprocessing = 0;
		};
		1B8522C42635291B0082E7C1 /* Resources */ = {
			isa = PBXResourcesBuildPhase;
			buildActionMask = 2147483647;
			files = (
			);
			runOnlyForDeploymentPostprocessing = 0;
		};
/* End PBXResourcesBuildPhase section */

/* Begin PBXSourcesBuildPhase section */
		1B8522792631AD3E0082E7C1 /* Sources */ = {
			isa = PBXSourcesBuildPhase;
			buildActionMask = 2147483647;
			files = (
				1B8522BE2633C77B0082E7C1 /* LoadingState.swift in Sources */,
				1B85229C2632A9EF0082E7C1 /* MostPopularData.swift in Sources */,
				1B8522992632A90F0082E7C1 /* MostPopularDataService.swift in Sources */,
				1B8522832631AD3E0082E7C1 /* MostPopularView.swift in Sources */,
				1B8522AF2633BD6F0082E7C1 /* AppConstants.swift in Sources */,
				1B8522A62632D4150082E7C1 /* ArticleListItem.swift in Sources */,
				1B85229F2632C19D0082E7C1 /* MostPopularViewModel.swift in Sources */,
				1B8522812631AD3E0082E7C1 /* NYT_BuddyApp.swift in Sources */,
				1B8522AB2632F4CA0082E7C1 /* Period.swift in Sources */,
				1B8522B52633C1DB0082E7C1 /* LoadingView.swift in Sources */,
				1B8522BB2633C7510082E7C1 /* NetworkError.swift in Sources */,
				1B8522B82633C64B0082E7C1 /* SelectPeriodView.swift in Sources */,
			);
			runOnlyForDeploymentPostprocessing = 0;
		};
		1B8522C22635291B0082E7C1 /* Sources */ = {
			isa = PBXSourcesBuildPhase;
			buildActionMask = 2147483647;
			files = (
				1B8522D326352A490082E7C1 /* PeriodTests.swift in Sources */,
				1B8522D626352A630082E7C1 /* Period.swift in Sources */,
			);
			runOnlyForDeploymentPostprocessing = 0;
		};
/* End PBXSourcesBuildPhase section */

/* Begin PBXTargetDependency section */
		1B8522CC2635291B0082E7C1 /* PBXTargetDependency */ = {
			isa = PBXTargetDependency;
			target = 1B85227C2631AD3E0082E7C1 /* NYT Buddy */;
			targetProxy = 1B8522CB2635291B0082E7C1 /* PBXContainerItemProxy */;
		};
/* End PBXTargetDependency section */

/* Begin XCBuildConfiguration section */
		1B85228A2631AD3F0082E7C1 /* Debug */ = {
			isa = XCBuildConfiguration;
			buildSettings = {
				ALWAYS_SEARCH_USER_PATHS = NO;
				CLANG_ANALYZER_NONNULL = YES;
				CLANG_ANALYZER_NUMBER_OBJECT_CONVERSION = YES_AGGRESSIVE;
				CLANG_CXX_LANGUAGE_STANDARD = "gnu++14";
				CLANG_CXX_LIBRARY = "libc++";
				CLANG_ENABLE_MODULES = YES;
				CLANG_ENABLE_OBJC_ARC = YES;
				CLANG_ENABLE_OBJC_WEAK = YES;
				CLANG_WARN_BLOCK_CAPTURE_AUTORELEASING = YES;
				CLANG_WARN_BOOL_CONVERSION = YES;
				CLANG_WARN_COMMA = YES;
				CLANG_WARN_CONSTANT_CONVERSION = YES;
				CLANG_WARN_DEPRECATED_OBJC_IMPLEMENTATIONS = YES;
				CLANG_WARN_DIRECT_OBJC_ISA_USAGE = YES_ERROR;
				CLANG_WARN_DOCUMENTATION_COMMENTS = YES;
				CLANG_WARN_EMPTY_BODY = YES;
				CLANG_WARN_ENUM_CONVERSION = YES;
				CLANG_WARN_INFINITE_RECURSION = YES;
				CLANG_WARN_INT_CONVERSION = YES;
				CLANG_WARN_NON_LITERAL_NULL_CONVERSION = YES;
				CLANG_WARN_OBJC_IMPLICIT_RETAIN_SELF = YES;
				CLANG_WARN_OBJC_LITERAL_CONVERSION = YES;
				CLANG_WARN_OBJC_ROOT_CLASS = YES_ERROR;
				CLANG_WARN_QUOTED_INCLUDE_IN_FRAMEWORK_HEADER = YES;
				CLANG_WARN_RANGE_LOOP_ANALYSIS = YES;
				CLANG_WARN_STRICT_PROTOTYPES = YES;
				CLANG_WARN_SUSPICIOUS_MOVE = YES;
				CLANG_WARN_UNGUARDED_AVAILABILITY = YES_AGGRESSIVE;
				CLANG_WARN_UNREACHABLE_CODE = YES;
				CLANG_WARN__DUPLICATE_METHOD_MATCH = YES;
				COPY_PHASE_STRIP = NO;
				DEBUG_INFORMATION_FORMAT = dwarf;
				ENABLE_STRICT_OBJC_MSGSEND = YES;
				ENABLE_TESTABILITY = YES;
				GCC_C_LANGUAGE_STANDARD = gnu11;
				GCC_DYNAMIC_NO_PIC = NO;
				GCC_NO_COMMON_BLOCKS = YES;
				GCC_OPTIMIZATION_LEVEL = 0;
				GCC_PREPROCESSOR_DEFINITIONS = (
					"DEBUG=1",
					"$(inherited)",
				);
				GCC_WARN_64_TO_32_BIT_CONVERSION = YES;
				GCC_WARN_ABOUT_RETURN_TYPE = YES_ERROR;
				GCC_WARN_UNDECLARED_SELECTOR = YES;
				GCC_WARN_UNINITIALIZED_AUTOS = YES_AGGRESSIVE;
				GCC_WARN_UNUSED_FUNCTION = YES;
				GCC_WARN_UNUSED_VARIABLE = YES;
				IPHONEOS_DEPLOYMENT_TARGET = 14.4;
				MTL_ENABLE_DEBUG_INFO = INCLUDE_SOURCE;
				MTL_FAST_MATH = YES;
				ONLY_ACTIVE_ARCH = YES;
				SDKROOT = iphoneos;
				SWIFT_ACTIVE_COMPILATION_CONDITIONS = DEBUG;
				SWIFT_OPTIMIZATION_LEVEL = "-Onone";
			};
			name = Debug;
		};
		1B85228B2631AD3F0082E7C1 /* Release */ = {
			isa = XCBuildConfiguration;
			buildSettings = {
				ALWAYS_SEARCH_USER_PATHS = NO;
				CLANG_ANALYZER_NONNULL = YES;
				CLANG_ANALYZER_NUMBER_OBJECT_CONVERSION = YES_AGGRESSIVE;
				CLANG_CXX_LANGUAGE_STANDARD = "gnu++14";
				CLANG_CXX_LIBRARY = "libc++";
				CLANG_ENABLE_MODULES = YES;
				CLANG_ENABLE_OBJC_ARC = YES;
				CLANG_ENABLE_OBJC_WEAK = YES;
				CLANG_WARN_BLOCK_CAPTURE_AUTORELEASING = YES;
				CLANG_WARN_BOOL_CONVERSION = YES;
				CLANG_WARN_COMMA = YES;
				CLANG_WARN_CONSTANT_CONVERSION = YES;
				CLANG_WARN_DEPRECATED_OBJC_IMPLEMENTATIONS = YES;
				CLANG_WARN_DIRECT_OBJC_ISA_USAGE = YES_ERROR;
				CLANG_WARN_DOCUMENTATION_COMMENTS = YES;
				CLANG_WARN_EMPTY_BODY = YES;
				CLANG_WARN_ENUM_CONVERSION = YES;
				CLANG_WARN_INFINITE_RECURSION = YES;
				CLANG_WARN_INT_CONVERSION = YES;
				CLANG_WARN_NON_LITERAL_NULL_CONVERSION = YES;
				CLANG_WARN_OBJC_IMPLICIT_RETAIN_SELF = YES;
				CLANG_WARN_OBJC_LITERAL_CONVERSION = YES;
				CLANG_WARN_OBJC_ROOT_CLASS = YES_ERROR;
				CLANG_WARN_QUOTED_INCLUDE_IN_FRAMEWORK_HEADER = YES;
				CLANG_WARN_RANGE_LOOP_ANALYSIS = YES;
				CLANG_WARN_STRICT_PROTOTYPES = YES;
				CLANG_WARN_SUSPICIOUS_MOVE = YES;
				CLANG_WARN_UNGUARDED_AVAILABILITY = YES_AGGRESSIVE;
				CLANG_WARN_UNREACHABLE_CODE = YES;
				CLANG_WARN__DUPLICATE_METHOD_MATCH = YES;
				COPY_PHASE_STRIP = NO;
				DEBUG_INFORMATION_FORMAT = "dwarf-with-dsym";
				ENABLE_NS_ASSERTIONS = NO;
				ENABLE_STRICT_OBJC_MSGSEND = YES;
				GCC_C_LANGUAGE_STANDARD = gnu11;
				GCC_NO_COMMON_BLOCKS = YES;
				GCC_WARN_64_TO_32_BIT_CONVERSION = YES;
				GCC_WARN_ABOUT_RETURN_TYPE = YES_ERROR;
				GCC_WARN_UNDECLARED_SELECTOR = YES;
				GCC_WARN_UNINITIALIZED_AUTOS = YES_AGGRESSIVE;
				GCC_WARN_UNUSED_FUNCTION = YES;
				GCC_WARN_UNUSED_VARIABLE = YES;
				IPHONEOS_DEPLOYMENT_TARGET = 14.4;
				MTL_ENABLE_DEBUG_INFO = NO;
				MTL_FAST_MATH = YES;
				SDKROOT = iphoneos;
				SWIFT_COMPILATION_MODE = wholemodule;
				SWIFT_OPTIMIZATION_LEVEL = "-O";
				VALIDATE_PRODUCT = YES;
			};
			name = Release;
		};
		1B85228D2631AD3F0082E7C1 /* Debug */ = {
			isa = XCBuildConfiguration;
			buildSettings = {
				ASSETCATALOG_COMPILER_APPICON_NAME = AppIcon;
				ASSETCATALOG_COMPILER_GLOBAL_ACCENT_COLOR_NAME = AccentColor;
				CODE_SIGN_STYLE = Automatic;
				DEVELOPMENT_ASSET_PATHS = "\"NYT Buddy/Preview Content\"";
				DEVELOPMENT_TEAM = M86S59A27L;
				ENABLE_PREVIEWS = YES;
				INFOPLIST_FILE = "NYT Buddy/Info.plist";
				IPHONEOS_DEPLOYMENT_TARGET = 14.0;
				LD_RUNPATH_SEARCH_PATHS = (
					"$(inherited)",
					"@executable_path/Frameworks",
				);
				PRODUCT_BUNDLE_IDENTIFIER = "dev.domanov.NYT-Buddy";
				PRODUCT_NAME = "$(TARGET_NAME)";
				SWIFT_VERSION = 5.0;
				TARGETED_DEVICE_FAMILY = "1,2";
			};
			name = Debug;
		};
		1B85228E2631AD3F0082E7C1 /* Release */ = {
			isa = XCBuildConfiguration;
			buildSettings = {
				ASSETCATALOG_COMPILER_APPICON_NAME = AppIcon;
				ASSETCATALOG_COMPILER_GLOBAL_ACCENT_COLOR_NAME = AccentColor;
				CODE_SIGN_STYLE = Automatic;
				DEVELOPMENT_ASSET_PATHS = "\"NYT Buddy/Preview Content\"";
				DEVELOPMENT_TEAM = M86S59A27L;
				ENABLE_PREVIEWS = YES;
				INFOPLIST_FILE = "NYT Buddy/Info.plist";
				IPHONEOS_DEPLOYMENT_TARGET = 14.0;
				LD_RUNPATH_SEARCH_PATHS = (
					"$(inherited)",
					"@executable_path/Frameworks",
				);
				PRODUCT_BUNDLE_IDENTIFIER = "dev.domanov.NYT-Buddy";
				PRODUCT_NAME = "$(TARGET_NAME)";
				SWIFT_VERSION = 5.0;
				TARGETED_DEVICE_FAMILY = "1,2";
			};
			name = Release;
		};
		1B8522CD2635291B0082E7C1 /* Debug */ = {
			isa = XCBuildConfiguration;
			buildSettings = {
				BUNDLE_LOADER = "$(TEST_HOST)";
				CODE_SIGN_STYLE = Automatic;
				DEVELOPMENT_TEAM = M86S59A27L;
				INFOPLIST_FILE = "NYT BuddyTests/Info.plist";
				LD_RUNPATH_SEARCH_PATHS = (
					"$(inherited)",
					"@executable_path/Frameworks",
					"@loader_path/Frameworks",
				);
				PRODUCT_BUNDLE_IDENTIFIER = "dev.domanov.NYT-BuddyTests";
				PRODUCT_NAME = "$(TARGET_NAME)";
				SWIFT_VERSION = 5.0;
				TARGETED_DEVICE_FAMILY = "1,2";
				TEST_HOST = "$(BUILT_PRODUCTS_DIR)/NYT Buddy.app/NYT Buddy";
			};
			name = Debug;
		};
		1B8522CE2635291B0082E7C1 /* Release */ = {
			isa = XCBuildConfiguration;
			buildSettings = {
				BUNDLE_LOADER = "$(TEST_HOST)";
				CODE_SIGN_STYLE = Automatic;
				DEVELOPMENT_TEAM = M86S59A27L;
				INFOPLIST_FILE = "NYT BuddyTests/Info.plist";
				LD_RUNPATH_SEARCH_PATHS = (
					"$(inherited)",
					"@executable_path/Frameworks",
					"@loader_path/Frameworks",
				);
				PRODUCT_BUNDLE_IDENTIFIER = "dev.domanov.NYT-BuddyTests";
				PRODUCT_NAME = "$(TARGET_NAME)";
				SWIFT_VERSION = 5.0;
				TARGETED_DEVICE_FAMILY = "1,2";
				TEST_HOST = "$(BUILT_PRODUCTS_DIR)/NYT Buddy.app/NYT Buddy";
			};
			name = Release;
		};
/* End XCBuildConfiguration section */

/* Begin XCConfigurationList section */
		1B8522782631AD3E0082E7C1 /* Build configuration list for PBXProject "NYT Buddy" */ = {
			isa = XCConfigurationList;
			buildConfigurations = (
				1B85228A2631AD3F0082E7C1 /* Debug */,
				1B85228B2631AD3F0082E7C1 /* Release */,
			);
			defaultConfigurationIsVisible = 0;
			defaultConfigurationName = Release;
		};
		1B85228C2631AD3F0082E7C1 /* Build configuration list for PBXNativeTarget "NYT Buddy" */ = {
			isa = XCConfigurationList;
			buildConfigurations = (
				1B85228D2631AD3F0082E7C1 /* Debug */,
				1B85228E2631AD3F0082E7C1 /* Release */,
			);
			defaultConfigurationIsVisible = 0;
			defaultConfigurationName = Release;
		};
		1B8522CF2635291B0082E7C1 /* Build configuration list for PBXNativeTarget "NYT BuddyTests" */ = {
			isa = XCConfigurationList;
			buildConfigurations = (
				1B8522CD2635291B0082E7C1 /* Debug */,
				1B8522CE2635291B0082E7C1 /* Release */,
			);
			defaultConfigurationIsVisible = 0;
			defaultConfigurationName = Release;
		};
/* End XCConfigurationList section */
	};
	rootObject = 1B8522752631AD3E0082E7C1 /* Project object */;
}
